// !$*UTF8*$!
{
	archiveVersion = 1;
	classes = {
	};
	objectVersion = 56;
	objects = {

/* Begin PBXBuildFile section */
		6962A0C62B03045500BFA8DE /* AppDelegate.swift in Sources */ = {isa = PBXBuildFile; fileRef = 6962A0C52B03045500BFA8DE /* AppDelegate.swift */; };
		6962A0C82B03045500BFA8DE /* SceneDelegate.swift in Sources */ = {isa = PBXBuildFile; fileRef = 6962A0C72B03045500BFA8DE /* SceneDelegate.swift */; };
		6962A0CA2B03045500BFA8DE /* ViewController.swift in Sources */ = {isa = PBXBuildFile; fileRef = 6962A0C92B03045500BFA8DE /* ViewController.swift */; };
		6962A0CD2B03045500BFA8DE /* Main.storyboard in Resources */ = {isa = PBXBuildFile; fileRef = 6962A0CB2B03045500BFA8DE /* Main.storyboard */; };
		6962A0CF2B03045600BFA8DE /* Assets.xcassets in Resources */ = {isa = PBXBuildFile; fileRef = 6962A0CE2B03045600BFA8DE /* Assets.xcassets */; };
		6962A0D22B03045600BFA8DE /* LaunchScreen.storyboard in Resources */ = {isa = PBXBuildFile; fileRef = 6962A0D02B03045600BFA8DE /* LaunchScreen.storyboard */; };
		6962A0DD2B03045600BFA8DE /* YHTTests.swift in Sources */ = {isa = PBXBuildFile; fileRef = 6962A0DC2B03045600BFA8DE /* YHTTests.swift */; };
		6962A0E72B03045600BFA8DE /* YHTUITests.swift in Sources */ = {isa = PBXBuildFile; fileRef = 6962A0E62B03045600BFA8DE /* YHTUITests.swift */; };
		6962A0E92B03045600BFA8DE /* YHTUITestsLaunchTests.swift in Sources */ = {isa = PBXBuildFile; fileRef = 6962A0E82B03045600BFA8DE /* YHTUITestsLaunchTests.swift */; };
/* End PBXBuildFile section */

/* Begin PBXContainerItemProxy section */
		6962A0D92B03045600BFA8DE /* PBXContainerItemProxy */ = {
			isa = PBXContainerItemProxy;
			containerPortal = 6962A0BA2B03045500BFA8DE /* Project object */;
			proxyType = 1;
			remoteGlobalIDString = 6962A0C12B03045500BFA8DE;
			remoteInfo = YHT;
		};
		6962A0E32B03045600BFA8DE /* PBXContainerItemProxy */ = {
			isa = PBXContainerItemProxy;
			containerPortal = 6962A0BA2B03045500BFA8DE /* Project object */;
			proxyType = 1;
			remoteGlobalIDString = 6962A0C12B03045500BFA8DE;
			remoteInfo = YHT;
		};
/* End PBXContainerItemProxy section */

/* Begin PBXFileReference section */
		6962A0C22B03045500BFA8DE /* YHT.app */ = {isa = PBXFileReference; explicitFileType = wrapper.application; includeInIndex = 0; path = YHT.app; sourceTree = BUILT_PRODUCTS_DIR; };
		6962A0C52B03045500BFA8DE /* AppDelegate.swift */ = {isa = PBXFileReference; lastKnownFileType = sourcecode.swift; path = AppDelegate.swift; sourceTree = "<group>"; };
		6962A0C72B03045500BFA8DE /* SceneDelegate.swift */ = {isa = PBXFileReference; lastKnownFileType = sourcecode.swift; path = SceneDelegate.swift; sourceTree = "<group>"; };
		6962A0C92B03045500BFA8DE /* ViewController.swift */ = {isa = PBXFileReference; lastKnownFileType = sourcecode.swift; path = ViewController.swift; sourceTree = "<group>"; };
		6962A0CC2B03045500BFA8DE /* Base */ = {isa = PBXFileReference; lastKnownFileType = file.storyboard; name = Base; path = Base.lproj/Main.storyboard; sourceTree = "<group>"; };
		6962A0CE2B03045600BFA8DE /* Assets.xcassets */ = {isa = PBXFileReference; lastKnownFileType = folder.assetcatalog; path = Assets.xcassets; sourceTree = "<group>"; };
		6962A0D12B03045600BFA8DE /* Base */ = {isa = PBXFileReference; lastKnownFileType = file.storyboard; name = Base; path = Base.lproj/LaunchScreen.storyboard; sourceTree = "<group>"; };
		6962A0D32B03045600BFA8DE /* Info.plist */ = {isa = PBXFileReference; lastKnownFileType = text.plist.xml; path = Info.plist; sourceTree = "<group>"; };
		6962A0D82B03045600BFA8DE /* YHTTests.xctest */ = {isa = PBXFileReference; explicitFileType = wrapper.cfbundle; includeInIndex = 0; path = YHTTests.xctest; sourceTree = BUILT_PRODUCTS_DIR; };
		6962A0DC2B03045600BFA8DE /* YHTTests.swift */ = {isa = PBXFileReference; lastKnownFileType = sourcecode.swift; path = YHTTests.swift; sourceTree = "<group>"; };
		6962A0E22B03045600BFA8DE /* YHTUITests.xctest */ = {isa = PBXFileReference; explicitFileType = wrapper.cfbundle; includeInIndex = 0; path = YHTUITests.xctest; sourceTree = BUILT_PRODUCTS_DIR; };
		6962A0E62B03045600BFA8DE /* YHTUITests.swift */ = {isa = PBXFileReference; lastKnownFileType = sourcecode.swift; path = YHTUITests.swift; sourceTree = "<group>"; };
		6962A0E82B03045600BFA8DE /* YHTUITestsLaunchTests.swift */ = {isa = PBXFileReference; lastKnownFileType = sourcecode.swift; path = YHTUITestsLaunchTests.swift; sourceTree = "<group>"; };
/* End PBXFileReference section */

/* Begin PBXFrameworksBuildPhase section */
		6962A0BF2B03045500BFA8DE /* Frameworks */ = {
			isa = PBXFrameworksBuildPhase;
			buildActionMask = 2147483647;
			files = (
			);
			runOnlyForDeploymentPostprocessing = 0;
		};
		6962A0D52B03045600BFA8DE /* Frameworks */ = {
			isa = PBXFrameworksBuildPhase;
			buildActionMask = 2147483647;
			files = (
			);
			runOnlyForDeploymentPostprocessing = 0;
		};
		6962A0DF2B03045600BFA8DE /* Frameworks */ = {
			isa = PBXFrameworksBuildPhase;
			buildActionMask = 2147483647;
			files = (
			);
			runOnlyForDeploymentPostprocessing = 0;
		};
/* End PBXFrameworksBuildPhase section */

/* Begin PBXGroup section */
		6962A0B92B03045500BFA8DE = {
			isa = PBXGroup;
			children = (
				6962A0C42B03045500BFA8DE /* YHT */,
				6962A0DB2B03045600BFA8DE /* YHTTests */,
				6962A0E52B03045600BFA8DE /* YHTUITests */,
				6962A0C32B03045500BFA8DE /* Products */,
			);
			sourceTree = "<group>";
		};
		6962A0C32B03045500BFA8DE /* Products */ = {
			isa = PBXGroup;
			children = (
				6962A0C22B03045500BFA8DE /* YHT.app */,
				6962A0D82B03045600BFA8DE /* YHTTests.xctest */,
				6962A0E22B03045600BFA8DE /* YHTUITests.xctest */,
			);
			name = Products;
			sourceTree = "<group>";
		};
		6962A0C42B03045500BFA8DE /* YHT */ = {
			isa = PBXGroup;
			children = (
				6962A0C52B03045500BFA8DE /* AppDelegate.swift */,
				6962A0C72B03045500BFA8DE /* SceneDelegate.swift */,
				6962A0C92B03045500BFA8DE /* ViewController.swift */,
				6962A0CB2B03045500BFA8DE /* Main.storyboard */,
				6962A0CE2B03045600BFA8DE /* Assets.xcassets */,
				6962A0D02B03045600BFA8DE /* LaunchScreen.storyboard */,
				6962A0D32B03045600BFA8DE /* Info.plist */,
			);
			path = YHT;
			sourceTree = "<group>";
		};
		6962A0DB2B03045600BFA8DE /* YHTTests */ = {
			isa = PBXGroup;
			children = (
				6962A0DC2B03045600BFA8DE /* YHTTests.swift */,
			);
			path = YHTTests;
			sourceTree = "<group>";
		};
		6962A0E52B03045600BFA8DE /* YHTUITests */ = {
			isa = PBXGroup;
			children = (
				6962A0E62B03045600BFA8DE /* YHTUITests.swift */,
				6962A0E82B03045600BFA8DE /* YHTUITestsLaunchTests.swift */,
			);
			path = YHTUITests;
			sourceTree = "<group>";
		};
/* End PBXGroup section */

/* Begin PBXNativeTarget section */
		6962A0C12B03045500BFA8DE /* YHT */ = {
			isa = PBXNativeTarget;
			buildConfigurationList = 6962A0EC2B03045600BFA8DE /* Build configuration list for PBXNativeTarget "YHT" */;
			buildPhases = (
				6962A0BE2B03045500BFA8DE /* Sources */,
				6962A0BF2B03045500BFA8DE /* Frameworks */,
				6962A0C02B03045500BFA8DE /* Resources */,
			);
			buildRules = (
			);
			dependencies = (
			);
			name = YHT;
			productName = YHT;
			productReference = 6962A0C22B03045500BFA8DE /* YHT.app */;
			productType = "com.apple.product-type.application";
		};
		6962A0D72B03045600BFA8DE /* YHTTests */ = {
			isa = PBXNativeTarget;
			buildConfigurationList = 6962A0EF2B03045600BFA8DE /* Build configuration list for PBXNativeTarget "YHTTests" */;
			buildPhases = (
				6962A0D42B03045600BFA8DE /* Sources */,
				6962A0D52B03045600BFA8DE /* Frameworks */,
				6962A0D62B03045600BFA8DE /* Resources */,
			);
			buildRules = (
			);
			dependencies = (
				6962A0DA2B03045600BFA8DE /* PBXTargetDependency */,
			);
			name = YHTTests;
			productName = YHTTests;
			productReference = 6962A0D82B03045600BFA8DE /* YHTTests.xctest */;
			productType = "com.apple.product-type.bundle.unit-test";
		};
		6962A0E12B03045600BFA8DE /* YHTUITests */ = {
			isa = PBXNativeTarget;
			buildConfigurationList = 6962A0F22B03045600BFA8DE /* Build configuration list for PBXNativeTarget "YHTUITests" */;
			buildPhases = (
				6962A0DE2B03045600BFA8DE /* Sources */,
				6962A0DF2B03045600BFA8DE /* Frameworks */,
				6962A0E02B03045600BFA8DE /* Resources */,
			);
			buildRules = (
			);
			dependencies = (
				6962A0E42B03045600BFA8DE /* PBXTargetDependency */,
			);
			name = YHTUITests;
			productName = YHTUITests;
			productReference = 6962A0E22B03045600BFA8DE /* YHTUITests.xctest */;
			productType = "com.apple.product-type.bundle.ui-testing";
		};
/* End PBXNativeTarget section */

/* Begin PBXProject section */
		6962A0BA2B03045500BFA8DE /* Project object */ = {
			isa = PBXProject;
			attributes = {
				BuildIndependentTargetsInParallel = 1;
				LastSwiftUpdateCheck = 1500;
				LastUpgradeCheck = 1500;
				TargetAttributes = {
					6962A0C12B03045500BFA8DE = {
						CreatedOnToolsVersion = 15.0.1;
					};
					6962A0D72B03045600BFA8DE = {
						CreatedOnToolsVersion = 15.0.1;
						TestTargetID = 6962A0C12B03045500BFA8DE;
					};
					6962A0E12B03045600BFA8DE = {
						CreatedOnToolsVersion = 15.0.1;
						TestTargetID = 6962A0C12B03045500BFA8DE;
					};
				};
			};
			buildConfigurationList = 6962A0BD2B03045500BFA8DE /* Build configuration list for PBXProject "YHT" */;
			compatibilityVersion = "Xcode 14.0";
			developmentRegion = en;
			hasScannedForEncodings = 0;
			knownRegions = (
				en,
				Base,
			);
			mainGroup = 6962A0B92B03045500BFA8DE;
			productRefGroup = 6962A0C32B03045500BFA8DE /* Products */;
			projectDirPath = "";
			projectRoot = "";
			targets = (
				6962A0C12B03045500BFA8DE /* YHT */,
				6962A0D72B03045600BFA8DE /* YHTTests */,
				6962A0E12B03045600BFA8DE /* YHTUITests */,
			);
		};
/* End PBXProject section */

/* Begin PBXResourcesBuildPhase section */
		6962A0C02B03045500BFA8DE /* Resources */ = {
			isa = PBXResourcesBuildPhase;
			buildActionMask = 2147483647;
			files = (
				6962A0D22B03045600BFA8DE /* LaunchScreen.storyboard in Resources */,
				6962A0CF2B03045600BFA8DE /* Assets.xcassets in Resources */,
				6962A0CD2B03045500BFA8DE /* Main.storyboard in Resources */,
			);
			runOnlyForDeploymentPostprocessing = 0;
		};
		6962A0D62B03045600BFA8DE /* Resources */ = {
			isa = PBXResourcesBuildPhase;
			buildActionMask = 2147483647;
			files = (
			);
			runOnlyForDeploymentPostprocessing = 0;
		};
		6962A0E02B03045600BFA8DE /* Resources */ = {
			isa = PBXResourcesBuildPhase;
			buildActionMask = 2147483647;
			files = (
			);
			runOnlyForDeploymentPostprocessing = 0;
		};
/* End PBXResourcesBuildPhase section */

/* Begin PBXSourcesBuildPhase section */
		6962A0BE2B03045500BFA8DE /* Sources */ = {
			isa = PBXSourcesBuildPhase;
			buildActionMask = 2147483647;
			files = (
				6962A0CA2B03045500BFA8DE /* ViewController.swift in Sources */,
				6962A0C62B03045500BFA8DE /* AppDelegate.swift in Sources */,
				6962A0C82B03045500BFA8DE /* SceneDelegate.swift in Sources */,
			);
			runOnlyForDeploymentPostprocessing = 0;
		};
		6962A0D42B03045600BFA8DE /* Sources */ = {
			isa = PBXSourcesBuildPhase;
			buildActionMask = 2147483647;
			files = (
				6962A0DD2B03045600BFA8DE /* YHTTests.swift in Sources */,
			);
			runOnlyForDeploymentPostprocessing = 0;
		};
		6962A0DE2B03045600BFA8DE /* Sources */ = {
			isa = PBXSourcesBuildPhase;
			buildActionMask = 2147483647;
			files = (
				6962A0E92B03045600BFA8DE /* YHTUITestsLaunchTests.swift in Sources */,
				6962A0E72B03045600BFA8DE /* YHTUITests.swift in Sources */,
			);
			runOnlyForDeploymentPostprocessing = 0;
		};
/* End PBXSourcesBuildPhase section */

/* Begin PBXTargetDependency section */
		6962A0DA2B03045600BFA8DE /* PBXTargetDependency */ = {
			isa = PBXTargetDependency;
			target = 6962A0C12B03045500BFA8DE /* YHT */;
			targetProxy = 6962A0D92B03045600BFA8DE /* PBXContainerItemProxy */;
		};
		6962A0E42B03045600BFA8DE /* PBXTargetDependency */ = {
			isa = PBXTargetDependency;
			target = 6962A0C12B03045500BFA8DE /* YHT */;
			targetProxy = 6962A0E32B03045600BFA8DE /* PBXContainerItemProxy */;
		};
/* End PBXTargetDependency section */

/* Begin PBXVariantGroup section */
		6962A0CB2B03045500BFA8DE /* Main.storyboard */ = {
			isa = PBXVariantGroup;
			children = (
				6962A0CC2B03045500BFA8DE /* Base */,
			);
			name = Main.storyboard;
			sourceTree = "<group>";
		};
		6962A0D02B03045600BFA8DE /* LaunchScreen.storyboard */ = {
			isa = PBXVariantGroup;
			children = (
				6962A0D12B03045600BFA8DE /* Base */,
			);
			name = LaunchScreen.storyboard;
			sourceTree = "<group>";
		};
/* End PBXVariantGroup section */

/* Begin XCBuildConfiguration section */
		6962A0EA2B03045600BFA8DE /* Debug */ = {
			isa = XCBuildConfiguration;
			buildSettings = {
				ALWAYS_SEARCH_USER_PATHS = NO;
				ASSETCATALOG_COMPILER_GENERATE_SWIFT_ASSET_SYMBOL_EXTENSIONS = YES;
				CLANG_ANALYZER_NONNULL = YES;
				CLANG_ANALYZER_NUMBER_OBJECT_CONVERSION = YES_AGGRESSIVE;
				CLANG_CXX_LANGUAGE_STANDARD = "gnu++20";
				CLANG_ENABLE_MODULES = YES;
				CLANG_ENABLE_OBJC_ARC = YES;
				CLANG_ENABLE_OBJC_WEAK = YES;
				CLANG_WARN_BLOCK_CAPTURE_AUTORELEASING = YES;
				CLANG_WARN_BOOL_CONVERSION = YES;
				CLANG_WARN_COMMA = YES;
				CLANG_WARN_CONSTANT_CONVERSION = YES;
				CLANG_WARN_DEPRECATED_OBJC_IMPLEMENTATIONS = YES;
				CLANG_WARN_DIRECT_OBJC_ISA_USAGE = YES_ERROR;
				CLANG_WARN_DOCUMENTATION_COMMENTS = YES;
				CLANG_WARN_EMPTY_BODY = YES;
				CLANG_WARN_ENUM_CONVERSION = YES;
				CLANG_WARN_INFINITE_RECURSION = YES;
				CLANG_WARN_INT_CONVERSION = YES;
				CLANG_WARN_NON_LITERAL_NULL_CONVERSION = YES;
				CLANG_WARN_OBJC_IMPLICIT_RETAIN_SELF = YES;
				CLANG_WARN_OBJC_LITERAL_CONVERSION = YES;
				CLANG_WARN_OBJC_ROOT_CLASS = YES_ERROR;
				CLANG_WARN_QUOTED_INCLUDE_IN_FRAMEWORK_HEADER = YES;
				CLANG_WARN_RANGE_LOOP_ANALYSIS = YES;
				CLANG_WARN_STRICT_PROTOTYPES = YES;
				CLANG_WARN_SUSPICIOUS_MOVE = YES;
				CLANG_WARN_UNGUARDED_AVAILABILITY = YES_AGGRESSIVE;
				CLANG_WARN_UNREACHABLE_CODE = YES;
				CLANG_WARN__DUPLICATE_METHOD_MATCH = YES;
				COPY_PHASE_STRIP = NO;
				DEBUG_INFORMATION_FORMAT = dwarf;
				ENABLE_STRICT_OBJC_MSGSEND = YES;
				ENABLE_TESTABILITY = YES;
				ENABLE_USER_SCRIPT_SANDBOXING = YES;
				GCC_C_LANGUAGE_STANDARD = gnu17;
				GCC_DYNAMIC_NO_PIC = NO;
				GCC_NO_COMMON_BLOCKS = YES;
				GCC_OPTIMIZATION_LEVEL = 0;
				GCC_PREPROCESSOR_DEFINITIONS = (
					"DEBUG=1",
					"$(inherited)",
				);
				GCC_WARN_64_TO_32_BIT_CONVERSION = YES;
				GCC_WARN_ABOUT_RETURN_TYPE = YES_ERROR;
				GCC_WARN_UNDECLARED_SELECTOR = YES;
				GCC_WARN_UNINITIALIZED_AUTOS = YES_AGGRESSIVE;
				GCC_WARN_UNUSED_FUNCTION = YES;
				GCC_WARN_UNUSED_VARIABLE = YES;
				IPHONEOS_DEPLOYMENT_TARGET = 17.0;
				LOCALIZATION_PREFERS_STRING_CATALOGS = YES;
				MTL_ENABLE_DEBUG_INFO = INCLUDE_SOURCE;
				MTL_FAST_MATH = YES;
				ONLY_ACTIVE_ARCH = YES;
				SDKROOT = iphoneos;
				SWIFT_ACTIVE_COMPILATION_CONDITIONS = "DEBUG $(inherited)";
				SWIFT_OPTIMIZATION_LEVEL = "-Onone";
			};
			name = Debug;
		};
		6962A0EB2B03045600BFA8DE /* Release */ = {
			isa = XCBuildConfiguration;
			buildSettings = {
				ALWAYS_SEARCH_USER_PATHS = NO;
				ASSETCATALOG_COMPILER_GENERATE_SWIFT_ASSET_SYMBOL_EXTENSIONS = YES;
				CLANG_ANALYZER_NONNULL = YES;
				CLANG_ANALYZER_NUMBER_OBJECT_CONVERSION = YES_AGGRESSIVE;
				CLANG_CXX_LANGUAGE_STANDARD = "gnu++20";
				CLANG_ENABLE_MODULES = YES;
				CLANG_ENABLE_OBJC_ARC = YES;
				CLANG_ENABLE_OBJC_WEAK = YES;
				CLANG_WARN_BLOCK_CAPTURE_AUTORELEASING = YES;
				CLANG_WARN_BOOL_CONVERSION = YES;
				CLANG_WARN_COMMA = YES;
				CLANG_WARN_CONSTANT_CONVERSION = YES;
				CLANG_WARN_DEPRECATED_OBJC_IMPLEMENTATIONS = YES;
				CLANG_WARN_DIRECT_OBJC_ISA_USAGE = YES_ERROR;
				CLANG_WARN_DOCUMENTATION_COMMENTS = YES;
				CLANG_WARN_EMPTY_BODY = YES;
				CLANG_WARN_ENUM_CONVERSION = YES;
				CLANG_WARN_INFINITE_RECURSION = YES;
				CLANG_WARN_INT_CONVERSION = YES;
				CLANG_WARN_NON_LITERAL_NULL_CONVERSION = YES;
				CLANG_WARN_OBJC_IMPLICIT_RETAIN_SELF = YES;
				CLANG_WARN_OBJC_LITERAL_CONVERSION = YES;
				CLANG_WARN_OBJC_ROOT_CLASS = YES_ERROR;
				CLANG_WARN_QUOTED_INCLUDE_IN_FRAMEWORK_HEADER = YES;
				CLANG_WARN_RANGE_LOOP_ANALYSIS = YES;
				CLANG_WARN_STRICT_PROTOTYPES = YES;
				CLANG_WARN_SUSPICIOUS_MOVE = YES;
				CLANG_WARN_UNGUARDED_AVAILABILITY = YES_AGGRESSIVE;
				CLANG_WARN_UNREACHABLE_CODE = YES;
				CLANG_WARN__DUPLICATE_METHOD_MATCH = YES;
				COPY_PHASE_STRIP = NO;
				DEBUG_INFORMATION_FORMAT = "dwarf-with-dsym";
				ENABLE_NS_ASSERTIONS = NO;
				ENABLE_STRICT_OBJC_MSGSEND = YES;
				ENABLE_USER_SCRIPT_SANDBOXING = YES;
				GCC_C_LANGUAGE_STANDARD = gnu17;
				GCC_NO_COMMON_BLOCKS = YES;
				GCC_WARN_64_TO_32_BIT_CONVERSION = YES;
				GCC_WARN_ABOUT_RETURN_TYPE = YES_ERROR;
				GCC_WARN_UNDECLARED_SELECTOR = YES;
				GCC_WARN_UNINITIALIZED_AUTOS = YES_AGGRESSIVE;
				GCC_WARN_UNUSED_FUNCTION = YES;
				GCC_WARN_UNUSED_VARIABLE = YES;
				IPHONEOS_DEPLOYMENT_TARGET = 17.0;
				LOCALIZATION_PREFERS_STRING_CATALOGS = YES;
				MTL_ENABLE_DEBUG_INFO = NO;
				MTL_FAST_MATH = YES;
				SDKROOT = iphoneos;
				SWIFT_COMPILATION_MODE = wholemodule;
				VALIDATE_PRODUCT = YES;
			};
			name = Release;
		};
		6962A0ED2B03045600BFA8DE /* Debug */ = {
			isa = XCBuildConfiguration;
			buildSettings = {
				ASSETCATALOG_COMPILER_APPICON_NAME = AppIcon;
				ASSETCATALOG_COMPILER_GLOBAL_ACCENT_COLOR_NAME = AccentColor;
				CODE_SIGN_STYLE = Automatic;
				CURRENT_PROJECT_VERSION = 1;
				DEVELOPMENT_TEAM = 26L95KN5AP;
				GENERATE_INFOPLIST_FILE = YES;
				INFOPLIST_FILE = YHT/Info.plist;
				INFOPLIST_KEY_UIApplicationSupportsIndirectInputEvents = YES;
				INFOPLIST_KEY_UILaunchStoryboardName = LaunchScreen;
				INFOPLIST_KEY_UIMainStoryboardFile = Main;
				INFOPLIST_KEY_UISupportedInterfaceOrientations_iPad = "UIInterfaceOrientationPortrait UIInterfaceOrientationPortraitUpsideDown UIInterfaceOrientationLandscapeLeft UIInterfaceOrientationLandscapeRight";
				INFOPLIST_KEY_UISupportedInterfaceOrientations_iPhone = "UIInterfaceOrientationPortrait UIInterfaceOrientationLandscapeLeft UIInterfaceOrientationLandscapeRight";
				LD_RUNPATH_SEARCH_PATHS = (
					"$(inherited)",
					"@executable_path/Frameworks",
				);
				MARKETING_VERSION = 1.0;
				PRODUCT_BUNDLE_IDENTIFIER = "com.yht-health.YHT";
				PRODUCT_NAME = "$(TARGET_NAME)";
				SWIFT_EMIT_LOC_STRINGS = YES;
				SWIFT_VERSION = 5.0;
				TARGETED_DEVICE_FAMILY = "1,2";
			};
			name = Debug;
		};
		6962A0EE2B03045600BFA8DE /* Release */ = {
			isa = XCBuildConfiguration;
			buildSettings = {
				ASSETCATALOG_COMPILER_APPICON_NAME = AppIcon;
				ASSETCATALOG_COMPILER_GLOBAL_ACCENT_COLOR_NAME = AccentColor;
				CODE_SIGN_STYLE = Automatic;
				CURRENT_PROJECT_VERSION = 1;
				DEVELOPMENT_TEAM = 26L95KN5AP;
				GENERATE_INFOPLIST_FILE = YES;
				INFOPLIST_FILE = YHT/Info.plist;
				INFOPLIST_KEY_UIApplicationSupportsIndirectInputEvents = YES;
				INFOPLIST_KEY_UILaunchStoryboardName = LaunchScreen;
				INFOPLIST_KEY_UIMainStoryboardFile = Main;
				INFOPLIST_KEY_UISupportedInterfaceOrientations_iPad = "UIInterfaceOrientationPortrait UIInterfaceOrientationPortraitUpsideDown UIInterfaceOrientationLandscapeLeft UIInterfaceOrientationLandscapeRight";
				INFOPLIST_KEY_UISupportedInterfaceOrientations_iPhone = "UIInterfaceOrientationPortrait UIInterfaceOrientationLandscapeLeft UIInterfaceOrientationLandscapeRight";
				LD_RUNPATH_SEARCH_PATHS = (
					"$(inherited)",
					"@executable_path/Frameworks",
				);
				MARKETING_VERSION = 1.0;
				PRODUCT_BUNDLE_IDENTIFIER = "com.yht-health.YHT";
				PRODUCT_NAME = "$(TARGET_NAME)";
				SWIFT_EMIT_LOC_STRINGS = YES;
				SWIFT_VERSION = 5.0;
				TARGETED_DEVICE_FAMILY = "1,2";
			};
			name = Release;
		};
		6962A0F02B03045600BFA8DE /* Debug */ = {
			isa = XCBuildConfiguration;
			buildSettings = {
				ALWAYS_EMBED_SWIFT_STANDARD_LIBRARIES = YES;
				BUNDLE_LOADER = "$(TEST_HOST)";
				CODE_SIGN_STYLE = Automatic;
				CURRENT_PROJECT_VERSION = 1;
				DEVELOPMENT_TEAM = 26L95KN5AP;
				GENERATE_INFOPLIST_FILE = YES;
				IPHONEOS_DEPLOYMENT_TARGET = 17.0;
				MARKETING_VERSION = 1.0;
				PRODUCT_BUNDLE_IDENTIFIER = "com.yht-health.YHTTests";
				PRODUCT_NAME = "$(TARGET_NAME)";
				SWIFT_EMIT_LOC_STRINGS = NO;
				SWIFT_VERSION = 5.0;
				TARGETED_DEVICE_FAMILY = "1,2";
				TEST_HOST = "$(BUILT_PRODUCTS_DIR)/YHT.app/$(BUNDLE_EXECUTABLE_FOLDER_PATH)/YHT";
			};
			name = Debug;
		};
		6962A0F12B03045600BFA8DE /* Release */ = {
			isa = XCBuildConfiguration;
			buildSettings = {
				ALWAYS_EMBED_SWIFT_STANDARD_LIBRARIES = YES;
				BUNDLE_LOADER = "$(TEST_HOST)";
				CODE_SIGN_STYLE = Automatic;
				CURRENT_PROJECT_VERSION = 1;
				DEVELOPMENT_TEAM = 26L95KN5AP;
				GENERATE_INFOPLIST_FILE = YES;
				IPHONEOS_DEPLOYMENT_TARGET = 17.0;
				MARKETING_VERSION = 1.0;
				PRODUCT_BUNDLE_IDENTIFIER = "com.yht-health.YHTTests";
				PRODUCT_NAME = "$(TARGET_NAME)";
				SWIFT_EMIT_LOC_STRINGS = NO;
				SWIFT_VERSION = 5.0;
				TARGETED_DEVICE_FAMILY = "1,2";
				TEST_HOST = "$(BUILT_PRODUCTS_DIR)/YHT.app/$(BUNDLE_EXECUTABLE_FOLDER_PATH)/YHT";
			};
			name = Release;
		};
		6962A0F32B03045600BFA8DE /* Debug */ = {
			isa = XCBuildConfiguration;
			buildSettings = {
				ALWAYS_EMBED_SWIFT_STANDARD_LIBRARIES = YES;
				CODE_SIGN_STYLE = Automatic;
				CURRENT_PROJECT_VERSION = 1;
				DEVELOPMENT_TEAM = 26L95KN5AP;
				GENERATE_INFOPLIST_FILE = YES;
				MARKETING_VERSION = 1.0;
				PRODUCT_BUNDLE_IDENTIFIER = "com.yht-health.YHTUITests";
				PRODUCT_NAME = "$(TARGET_NAME)";
				SWIFT_EMIT_LOC_STRINGS = NO;
				SWIFT_VERSION = 5.0;
				TARGETED_DEVICE_FAMILY = "1,2";
				TEST_TARGET_NAME = YHT;
			};
			name = Debug;
		};
		6962A0F42B03045600BFA8DE /* Release */ = {
			isa = XCBuildConfiguration;
			buildSettings = {
				ALWAYS_EMBED_SWIFT_STANDARD_LIBRARIES = YES;
				CODE_SIGN_STYLE = Automatic;
				CURRENT_PROJECT_VERSION = 1;
				DEVELOPMENT_TEAM = 26L95KN5AP;
				GENERATE_INFOPLIST_FILE = YES;
				MARKETING_VERSION = 1.0;
				PRODUCT_BUNDLE_IDENTIFIER = "com.yht-health.YHTUITests";
				PRODUCT_NAME = "$(TARGET_NAME)";
				SWIFT_EMIT_LOC_STRINGS = NO;
				SWIFT_VERSION = 5.0;
				TARGETED_DEVICE_FAMILY = "1,2";
				TEST_TARGET_NAME = YHT;
			};
			name = Release;
		};
/* End XCBuildConfiguration section */

/* Begin XCConfigurationList section */
		6962A0BD2B03045500BFA8DE /* Build configuration list for PBXProject "YHT" */ = {
			isa = XCConfigurationList;
			buildConfigurations = (
				6962A0EA2B03045600BFA8DE /* Debug */,
				6962A0EB2B03045600BFA8DE /* Release */,
			);
			defaultConfigurationIsVisible = 0;
			defaultConfigurationName = Release;
		};
		6962A0EC2B03045600BFA8DE /* Build configuration list for PBXNativeTarget "YHT" */ = {
			isa = XCConfigurationList;
			buildConfigurations = (
				6962A0ED2B03045600BFA8DE /* Debug */,
				6962A0EE2B03045600BFA8DE /* Release */,
			);
			defaultConfigurationIsVisible = 0;
			defaultConfigurationName = Release;
		};
		6962A0EF2B03045600BFA8DE /* Build configuration list for PBXNativeTarget "YHTTests" */ = {
			isa = XCConfigurationList;
			buildConfigurations = (
				6962A0F02B03045600BFA8DE /* Debug */,
				6962A0F12B03045600BFA8DE /* Release */,
			);
			defaultConfigurationIsVisible = 0;
			defaultConfigurationName = Release;
		};
		6962A0F22B03045600BFA8DE /* Build configuration list for PBXNativeTarget "YHTUITests" */ = {
			isa = XCConfigurationList;
			buildConfigurations = (
				6962A0F32B03045600BFA8DE /* Debug */,
				6962A0F42B03045600BFA8DE /* Release */,
			);
			defaultConfigurationIsVisible = 0;
			defaultConfigurationName = Release;
		};
/* End XCConfigurationList section */
	};
	rootObject = 6962A0BA2B03045500BFA8DE /* Project object */;
}
