// !$*UTF8*$!
{
	archiveVersion = 1;
	classes = {
	};
	objectVersion = 56;
	objects = {

/* Begin PBXBuildFile section */
		69B362A32B07B37400714B3B /* YHTApp.swift in Sources */ = {isa = PBXBuildFile; fileRef = 69B362A22B07B37400714B3B /* YHTApp.swift */; };
		69B362A52B07B37400714B3B /* ContentView.swift in Sources */ = {isa = PBXBuildFile; fileRef = 69B362A42B07B37400714B3B /* ContentView.swift */; };
		69B362A72B07B37500714B3B /* Assets.xcassets in Resources */ = {isa = PBXBuildFile; fileRef = 69B362A62B07B37500714B3B /* Assets.xcassets */; };
		69B362AA2B07B37500714B3B /* Preview Assets.xcassets in Resources */ = {isa = PBXBuildFile; fileRef = 69B362A92B07B37500714B3B /* Preview Assets.xcassets */; };
		69B362B42B07B37500714B3B /* YHTTests.swift in Sources */ = {isa = PBXBuildFile; fileRef = 69B362B32B07B37500714B3B /* YHTTests.swift */; };
		69B362BE2B07B37500714B3B /* YHTUITests.swift in Sources */ = {isa = PBXBuildFile; fileRef = 69B362BD2B07B37500714B3B /* YHTUITests.swift */; };
		69B362C02B07B37500714B3B /* YHTUITestsLaunchTests.swift in Sources */ = {isa = PBXBuildFile; fileRef = 69B362BF2B07B37500714B3B /* YHTUITestsLaunchTests.swift */; };
		69B362CD2B07B38C00714B3B /* UnityManager.swift in Sources */ = {isa = PBXBuildFile; fileRef = 69B362CC2B07B38C00714B3B /* UnityManager.swift */; };
		69C9A1BE2B0F03040056C37A /* ServerInfo.swift in Sources */ = {isa = PBXBuildFile; fileRef = 69C9A1BD2B0F03040056C37A /* ServerInfo.swift */; };
		69C9A1C12B0F04840056C37A /* SignInView.swift in Sources */ = {isa = PBXBuildFile; fileRef = 69C9A1C02B0F04840056C37A /* SignInView.swift */; };
		69C9A1C42B0F29CA0056C37A /* SignUpView.swift in Sources */ = {isa = PBXBuildFile; fileRef = 69C9A1C32B0F29CA0056C37A /* SignUpView.swift */; };
		69EF49732B07B493003DF6A9 /* UnityDriver.framework in Embed Frameworks */ = {isa = PBXBuildFile; fileRef = 69EF49702B07B493003DF6A9 /* UnityDriver.framework */; settings = {ATTRIBUTES = (CodeSignOnCopy, RemoveHeadersOnCopy, ); }; };
		69EF49752B07B493003DF6A9 /* VuforiaEngine.framework in Embed Frameworks */ = {isa = PBXBuildFile; fileRef = 69EF49712B07B493003DF6A9 /* VuforiaEngine.framework */; settings = {ATTRIBUTES = (CodeSignOnCopy, RemoveHeadersOnCopy, ); }; };
		69EF49772B07B588003DF6A9 /* Launch Screen.storyboard in Resources */ = {isa = PBXBuildFile; fileRef = 69EF49762B07B588003DF6A9 /* Launch Screen.storyboard */; };
		69EF49792B07B5D7003DF6A9 /* Vuforia in Resources */ = {isa = PBXBuildFile; fileRef = 69EF49782B07B5D7003DF6A9 /* Vuforia */; };
/* End PBXBuildFile section */

/* Begin PBXContainerItemProxy section */
		69B362B02B07B37500714B3B /* PBXContainerItemProxy */ = {
			isa = PBXContainerItemProxy;
			containerPortal = 69B362972B07B37400714B3B /* Project object */;
			proxyType = 1;
			remoteGlobalIDString = 69B3629E2B07B37400714B3B;
			remoteInfo = YHT;
		};
		69B362BA2B07B37500714B3B /* PBXContainerItemProxy */ = {
			isa = PBXContainerItemProxy;
			containerPortal = 69B362972B07B37400714B3B /* Project object */;
			proxyType = 1;
			remoteGlobalIDString = 69B3629E2B07B37400714B3B;
			remoteInfo = YHT;
		};
/* End PBXContainerItemProxy section */

/* Begin PBXCopyFilesBuildPhase section */
		69EF496F2B07B486003DF6A9 /* Embed Frameworks */ = {
			isa = PBXCopyFilesBuildPhase;
			buildActionMask = 2147483647;
			dstPath = "";
			dstSubfolderSpec = 10;
			files = (
				69EF49752B07B493003DF6A9 /* VuforiaEngine.framework in Embed Frameworks */,
				69EF49732B07B493003DF6A9 /* UnityDriver.framework in Embed Frameworks */,
			);
			name = "Embed Frameworks";
			runOnlyForDeploymentPostprocessing = 0;
		};
/* End PBXCopyFilesBuildPhase section */

/* Begin PBXFileReference section */
		69B3629F2B07B37400714B3B /* YHT.app */ = {isa = PBXFileReference; explicitFileType = wrapper.application; includeInIndex = 0; path = YHT.app; sourceTree = BUILT_PRODUCTS_DIR; };
		69B362A22B07B37400714B3B /* YHTApp.swift */ = {isa = PBXFileReference; lastKnownFileType = sourcecode.swift; path = YHTApp.swift; sourceTree = "<group>"; };
		69B362A42B07B37400714B3B /* ContentView.swift */ = {isa = PBXFileReference; lastKnownFileType = sourcecode.swift; path = ContentView.swift; sourceTree = "<group>"; };
		69B362A62B07B37500714B3B /* Assets.xcassets */ = {isa = PBXFileReference; lastKnownFileType = folder.assetcatalog; path = Assets.xcassets; sourceTree = "<group>"; };
		69B362A92B07B37500714B3B /* Preview Assets.xcassets */ = {isa = PBXFileReference; lastKnownFileType = folder.assetcatalog; path = "Preview Assets.xcassets"; sourceTree = "<group>"; };
		69B362AF2B07B37500714B3B /* YHTTests.xctest */ = {isa = PBXFileReference; explicitFileType = wrapper.cfbundle; includeInIndex = 0; path = YHTTests.xctest; sourceTree = BUILT_PRODUCTS_DIR; };
		69B362B32B07B37500714B3B /* YHTTests.swift */ = {isa = PBXFileReference; lastKnownFileType = sourcecode.swift; path = YHTTests.swift; sourceTree = "<group>"; };
		69B362B92B07B37500714B3B /* YHTUITests.xctest */ = {isa = PBXFileReference; explicitFileType = wrapper.cfbundle; includeInIndex = 0; path = YHTUITests.xctest; sourceTree = BUILT_PRODUCTS_DIR; };
		69B362BD2B07B37500714B3B /* YHTUITests.swift */ = {isa = PBXFileReference; lastKnownFileType = sourcecode.swift; path = YHTUITests.swift; sourceTree = "<group>"; };
		69B362BF2B07B37500714B3B /* YHTUITestsLaunchTests.swift */ = {isa = PBXFileReference; lastKnownFileType = sourcecode.swift; path = YHTUITestsLaunchTests.swift; sourceTree = "<group>"; };
		69B362CC2B07B38C00714B3B /* UnityManager.swift */ = {isa = PBXFileReference; lastKnownFileType = sourcecode.swift; path = UnityManager.swift; sourceTree = "<group>"; };
		69C9A1BD2B0F03040056C37A /* ServerInfo.swift */ = {isa = PBXFileReference; lastKnownFileType = sourcecode.swift; path = ServerInfo.swift; sourceTree = "<group>"; };
		69C9A1C02B0F04840056C37A /* SignInView.swift */ = {isa = PBXFileReference; lastKnownFileType = sourcecode.swift; path = SignInView.swift; sourceTree = "<group>"; };
		69C9A1C32B0F29CA0056C37A /* SignUpView.swift */ = {isa = PBXFileReference; lastKnownFileType = sourcecode.swift; path = SignUpView.swift; sourceTree = "<group>"; };
		69EF496C2B07B486003DF6A9 /* UnityFramework.framework */ = {isa = PBXFileReference; explicitFileType = wrapper.framework; path = UnityFramework.framework; sourceTree = BUILT_PRODUCTS_DIR; };
		69EF49702B07B493003DF6A9 /* UnityDriver.framework */ = {isa = PBXFileReference; lastKnownFileType = wrapper.framework; name = UnityDriver.framework; path = ../unity/Frameworks/com.ptc.vuforia.engine/Vuforia/Plugins/iOS/UnityDriver.framework; sourceTree = "<group>"; };
		69EF49712B07B493003DF6A9 /* VuforiaEngine.framework */ = {isa = PBXFileReference; lastKnownFileType = wrapper.framework; name = VuforiaEngine.framework; path = ../unity/Frameworks/com.ptc.vuforia.engine/Vuforia/Plugins/iOS/VuforiaEngine.framework; sourceTree = "<group>"; };
		69EF49762B07B588003DF6A9 /* Launch Screen.storyboard */ = {isa = PBXFileReference; lastKnownFileType = file.storyboard; path = "Launch Screen.storyboard"; sourceTree = "<group>"; };
		69EF49782B07B5D7003DF6A9 /* Vuforia */ = {isa = PBXFileReference; lastKnownFileType = folder; path = Vuforia; sourceTree = "<group>"; };
/* End PBXFileReference section */

/* Begin PBXFrameworksBuildPhase section */
		69B3629C2B07B37400714B3B /* Frameworks */ = {
			isa = PBXFrameworksBuildPhase;
			buildActionMask = 2147483647;
			files = (
			);
			runOnlyForDeploymentPostprocessing = 0;
		};
		69B362AC2B07B37500714B3B /* Frameworks */ = {
			isa = PBXFrameworksBuildPhase;
			buildActionMask = 2147483647;
			files = (
			);
			runOnlyForDeploymentPostprocessing = 0;
		};
		69B362B62B07B37500714B3B /* Frameworks */ = {
			isa = PBXFrameworksBuildPhase;
			buildActionMask = 2147483647;
			files = (
			);
			runOnlyForDeploymentPostprocessing = 0;
		};
/* End PBXFrameworksBuildPhase section */

/* Begin PBXGroup section */
		69B362962B07B37400714B3B = {
			isa = PBXGroup;
			children = (
				69EF49782B07B5D7003DF6A9 /* Vuforia */,
				69B362A12B07B37400714B3B /* YHT */,
				69C9A1BB2B0F02E20056C37A /* Infrastructure */,
				69B362B22B07B37500714B3B /* YHTTests */,
				69B362BC2B07B37500714B3B /* YHTUITests */,
				69B362A02B07B37400714B3B /* Products */,
				69EF496B2B07B486003DF6A9 /* Frameworks */,
			);
			sourceTree = "<group>";
		};
		69B362A02B07B37400714B3B /* Products */ = {
			isa = PBXGroup;
			children = (
				69B3629F2B07B37400714B3B /* YHT.app */,
				69B362AF2B07B37500714B3B /* YHTTests.xctest */,
				69B362B92B07B37500714B3B /* YHTUITests.xctest */,
			);
			name = Products;
			sourceTree = "<group>";
		};
		69B362A12B07B37400714B3B /* YHT */ = {
			isa = PBXGroup;
			children = (
				69C9A1AE2B0F01C90056C37A /* Application */,
				69C9A1AF2B0F01EF0056C37A /* Util */,
				69C9A1B42B0F025F0056C37A /* Presentation */,
				69C9A1B02B0F02060056C37A /* Domain */,
				69C9A1B72B0F028C0056C37A /* Data */,
			);
			path = YHT;
			sourceTree = "<group>";
		};
		69B362A82B07B37500714B3B /* Preview Content */ = {
			isa = PBXGroup;
			children = (
				69B362A92B07B37500714B3B /* Preview Assets.xcassets */,
			);
			path = "Preview Content";
			sourceTree = "<group>";
		};
		69B362B22B07B37500714B3B /* YHTTests */ = {
			isa = PBXGroup;
			children = (
				69B362B32B07B37500714B3B /* YHTTests.swift */,
			);
			path = YHTTests;
			sourceTree = "<group>";
		};
		69B362BC2B07B37500714B3B /* YHTUITests */ = {
			isa = PBXGroup;
			children = (
				69B362BD2B07B37500714B3B /* YHTUITests.swift */,
				69B362BF2B07B37500714B3B /* YHTUITestsLaunchTests.swift */,
			);
			path = YHTUITests;
			sourceTree = "<group>";
		};
		69C9A1AE2B0F01C90056C37A /* Application */ = {
			isa = PBXGroup;
			children = (
				69B362A22B07B37400714B3B /* YHTApp.swift */,
				69B362A82B07B37500714B3B /* Preview Content */,
				69B362A62B07B37500714B3B /* Assets.xcassets */,
			);
			path = Application;
			sourceTree = "<group>";
		};
		69C9A1AF2B0F01EF0056C37A /* Util */ = {
			isa = PBXGroup;
			children = (
				69B362CC2B07B38C00714B3B /* UnityManager.swift */,
			);
			path = Util;
			sourceTree = "<group>";
		};
		69C9A1B02B0F02060056C37A /* Domain */ = {
			isa = PBXGroup;
			children = (
				69C9A1B32B0F02270056C37A /* Interface */,
				69C9A1B22B0F021D0056C37A /* Entity */,
				69C9A1B12B0F02110056C37A /* UseCases */,
			);
			path = Domain;
			sourceTree = "<group>";
		};
		69C9A1B12B0F02110056C37A /* UseCases */ = {
			isa = PBXGroup;
			children = (
			);
			path = UseCases;
			sourceTree = "<group>";
		};
		69C9A1B22B0F021D0056C37A /* Entity */ = {
			isa = PBXGroup;
			children = (
			);
			path = Entity;
			sourceTree = "<group>";
		};
		69C9A1B32B0F02270056C37A /* Interface */ = {
			isa = PBXGroup;
			children = (
			);
			path = Interface;
			sourceTree = "<group>";
		};
		69C9A1B42B0F025F0056C37A /* Presentation */ = {
			isa = PBXGroup;
			children = (
				69C9A1BA2B0F02D10056C37A /* View */,
				69F5AFE42B0DB29700AB8145 /* Splash */,
				69C9A1B62B0F02780056C37A /* Model */,
				69C9A1B52B0F026D0056C37A /* Interface */,
			);
			path = Presentation;
			sourceTree = "<group>";
		};
		69C9A1B52B0F026D0056C37A /* Interface */ = {
			isa = PBXGroup;
			children = (
			);
			path = Interface;
			sourceTree = "<group>";
		};
		69C9A1B62B0F02780056C37A /* Model */ = {
			isa = PBXGroup;
			children = (
			);
			path = Model;
			sourceTree = "<group>";
		};
		69C9A1B72B0F028C0056C37A /* Data */ = {
			isa = PBXGroup;
			children = (
				69C9A1B82B0F02920056C37A /* Repository */,
			);
			path = Data;
			sourceTree = "<group>";
		};
		69C9A1B82B0F02920056C37A /* Repository */ = {
			isa = PBXGroup;
			children = (
				69C9A1B92B0F029B0056C37A /* Config */,
			);
			path = Repository;
			sourceTree = "<group>";
		};
		69C9A1B92B0F029B0056C37A /* Config */ = {
			isa = PBXGroup;
			children = (
			);
			path = Config;
			sourceTree = "<group>";
		};
		69C9A1BA2B0F02D10056C37A /* View */ = {
			isa = PBXGroup;
			children = (
				69C9A1C22B0F29BC0056C37A /* SignUp */,
				69C9A1BF2B0F046E0056C37A /* SignIn */,
				69B362A42B07B37400714B3B /* ContentView.swift */,
			);
			path = View;
			sourceTree = "<group>";
		};
		69C9A1BB2B0F02E20056C37A /* Infrastructure */ = {
			isa = PBXGroup;
			children = (
				69C9A1BC2B0F02ED0056C37A /* Network */,
			);
			path = Infrastructure;
			sourceTree = "<group>";
		};
		69C9A1BC2B0F02ED0056C37A /* Network */ = {
			isa = PBXGroup;
			children = (
				69C9A1BD2B0F03040056C37A /* ServerInfo.swift */,
			);
			path = Network;
			sourceTree = "<group>";
		};
		69C9A1BF2B0F046E0056C37A /* SignIn */ = {
			isa = PBXGroup;
			children = (
				69C9A1C02B0F04840056C37A /* SignInView.swift */,
			);
			path = SignIn;
			sourceTree = "<group>";
		};
		69C9A1C22B0F29BC0056C37A /* SignUp */ = {
			isa = PBXGroup;
			children = (
				69C9A1C32B0F29CA0056C37A /* SignUpView.swift */,
			);
			path = SignUp;
			sourceTree = "<group>";
		};
		69EF496B2B07B486003DF6A9 /* Frameworks */ = {
			isa = PBXGroup;
			children = (
				69EF49702B07B493003DF6A9 /* UnityDriver.framework */,
				69EF49712B07B493003DF6A9 /* VuforiaEngine.framework */,
				69EF496C2B07B486003DF6A9 /* UnityFramework.framework */,
			);
			name = Frameworks;
			sourceTree = "<group>";
		};
		69F5AFE42B0DB29700AB8145 /* Splash */ = {
			isa = PBXGroup;
			children = (
				69EF49762B07B588003DF6A9 /* Launch Screen.storyboard */,
			);
			path = Splash;
			sourceTree = "<group>";
		};
/* End PBXGroup section */

/* Begin PBXNativeTarget section */
		69B3629E2B07B37400714B3B /* YHT */ = {
			isa = PBXNativeTarget;
			buildConfigurationList = 69B362C32B07B37500714B3B /* Build configuration list for PBXNativeTarget "YHT" */;
			buildPhases = (
				69B3629B2B07B37400714B3B /* Sources */,
				69B3629C2B07B37400714B3B /* Frameworks */,
				69B3629D2B07B37400714B3B /* Resources */,
				69EF496F2B07B486003DF6A9 /* Embed Frameworks */,
			);
			buildRules = (
			);
			dependencies = (
			);
			name = YHT;
			productName = YHT;
			productReference = 69B3629F2B07B37400714B3B /* YHT.app */;
			productType = "com.apple.product-type.application";
		};
		69B362AE2B07B37500714B3B /* YHTTests */ = {
			isa = PBXNativeTarget;
			buildConfigurationList = 69B362C62B07B37500714B3B /* Build configuration list for PBXNativeTarget "YHTTests" */;
			buildPhases = (
				69B362AB2B07B37500714B3B /* Sources */,
				69B362AC2B07B37500714B3B /* Frameworks */,
				69B362AD2B07B37500714B3B /* Resources */,
			);
			buildRules = (
			);
			dependencies = (
				69B362B12B07B37500714B3B /* PBXTargetDependency */,
			);
			name = YHTTests;
			productName = YHTTests;
			productReference = 69B362AF2B07B37500714B3B /* YHTTests.xctest */;
			productType = "com.apple.product-type.bundle.unit-test";
		};
		69B362B82B07B37500714B3B /* YHTUITests */ = {
			isa = PBXNativeTarget;
			buildConfigurationList = 69B362C92B07B37500714B3B /* Build configuration list for PBXNativeTarget "YHTUITests" */;
			buildPhases = (
				69B362B52B07B37500714B3B /* Sources */,
				69B362B62B07B37500714B3B /* Frameworks */,
				69B362B72B07B37500714B3B /* Resources */,
			);
			buildRules = (
			);
			dependencies = (
				69B362BB2B07B37500714B3B /* PBXTargetDependency */,
			);
			name = YHTUITests;
			productName = YHTUITests;
			productReference = 69B362B92B07B37500714B3B /* YHTUITests.xctest */;
			productType = "com.apple.product-type.bundle.ui-testing";
		};
/* End PBXNativeTarget section */

/* Begin PBXProject section */
		69B362972B07B37400714B3B /* Project object */ = {
			isa = PBXProject;
			attributes = {
				BuildIndependentTargetsInParallel = 1;
				LastSwiftUpdateCheck = 1500;
				LastUpgradeCheck = 1500;
				TargetAttributes = {
					69B3629E2B07B37400714B3B = {
						CreatedOnToolsVersion = 15.0.1;
					};
					69B362AE2B07B37500714B3B = {
						CreatedOnToolsVersion = 15.0.1;
						TestTargetID = 69B3629E2B07B37400714B3B;
					};
					69B362B82B07B37500714B3B = {
						CreatedOnToolsVersion = 15.0.1;
						TestTargetID = 69B3629E2B07B37400714B3B;
					};
				};
			};
			buildConfigurationList = 69B3629A2B07B37400714B3B /* Build configuration list for PBXProject "YHT" */;
			compatibilityVersion = "Xcode 14.0";
			developmentRegion = en;
			hasScannedForEncodings = 0;
			knownRegions = (
				en,
				Base,
			);
			mainGroup = 69B362962B07B37400714B3B;
			productRefGroup = 69B362A02B07B37400714B3B /* Products */;
			projectDirPath = "";
			projectRoot = "";
			targets = (
				69B3629E2B07B37400714B3B /* YHT */,
				69B362AE2B07B37500714B3B /* YHTTests */,
				69B362B82B07B37500714B3B /* YHTUITests */,
			);
		};
/* End PBXProject section */

/* Begin PBXResourcesBuildPhase section */
		69B3629D2B07B37400714B3B /* Resources */ = {
			isa = PBXResourcesBuildPhase;
			buildActionMask = 2147483647;
			files = (
				69EF49772B07B588003DF6A9 /* Launch Screen.storyboard in Resources */,
				69B362AA2B07B37500714B3B /* Preview Assets.xcassets in Resources */,
				69B362A72B07B37500714B3B /* Assets.xcassets in Resources */,
				69EF49792B07B5D7003DF6A9 /* Vuforia in Resources */,
			);
			runOnlyForDeploymentPostprocessing = 0;
		};
		69B362AD2B07B37500714B3B /* Resources */ = {
			isa = PBXResourcesBuildPhase;
			buildActionMask = 2147483647;
			files = (
			);
			runOnlyForDeploymentPostprocessing = 0;
		};
		69B362B72B07B37500714B3B /* Resources */ = {
			isa = PBXResourcesBuildPhase;
			buildActionMask = 2147483647;
			files = (
			);
			runOnlyForDeploymentPostprocessing = 0;
		};
/* End PBXResourcesBuildPhase section */

/* Begin PBXSourcesBuildPhase section */
		69B3629B2B07B37400714B3B /* Sources */ = {
			isa = PBXSourcesBuildPhase;
			buildActionMask = 2147483647;
			files = (
				69B362A52B07B37400714B3B /* ContentView.swift in Sources */,
				69B362A32B07B37400714B3B /* YHTApp.swift in Sources */,
				69C9A1BE2B0F03040056C37A /* ServerInfo.swift in Sources */,
				69B362CD2B07B38C00714B3B /* UnityManager.swift in Sources */,
				69C9A1C42B0F29CA0056C37A /* SignUpView.swift in Sources */,
				69C9A1C12B0F04840056C37A /* SignInView.swift in Sources */,
			);
			runOnlyForDeploymentPostprocessing = 0;
		};
		69B362AB2B07B37500714B3B /* Sources */ = {
			isa = PBXSourcesBuildPhase;
			buildActionMask = 2147483647;
			files = (
				69B362B42B07B37500714B3B /* YHTTests.swift in Sources */,
			);
			runOnlyForDeploymentPostprocessing = 0;
		};
		69B362B52B07B37500714B3B /* Sources */ = {
			isa = PBXSourcesBuildPhase;
			buildActionMask = 2147483647;
			files = (
				69B362C02B07B37500714B3B /* YHTUITestsLaunchTests.swift in Sources */,
				69B362BE2B07B37500714B3B /* YHTUITests.swift in Sources */,
			);
			runOnlyForDeploymentPostprocessing = 0;
		};
/* End PBXSourcesBuildPhase section */

/* Begin PBXTargetDependency section */
		69B362B12B07B37500714B3B /* PBXTargetDependency */ = {
			isa = PBXTargetDependency;
			target = 69B3629E2B07B37400714B3B /* YHT */;
			targetProxy = 69B362B02B07B37500714B3B /* PBXContainerItemProxy */;
		};
		69B362BB2B07B37500714B3B /* PBXTargetDependency */ = {
			isa = PBXTargetDependency;
			target = 69B3629E2B07B37400714B3B /* YHT */;
			targetProxy = 69B362BA2B07B37500714B3B /* PBXContainerItemProxy */;
		};
/* End PBXTargetDependency section */

/* Begin XCBuildConfiguration section */
		69B362C12B07B37500714B3B /* Debug */ = {
			isa = XCBuildConfiguration;
			buildSettings = {
				ALWAYS_SEARCH_USER_PATHS = NO;
				ASSETCATALOG_COMPILER_GENERATE_SWIFT_ASSET_SYMBOL_EXTENSIONS = YES;
				CLANG_ANALYZER_NONNULL = YES;
				CLANG_ANALYZER_NUMBER_OBJECT_CONVERSION = YES_AGGRESSIVE;
				CLANG_CXX_LANGUAGE_STANDARD = "gnu++20";
				CLANG_ENABLE_MODULES = YES;
				CLANG_ENABLE_OBJC_ARC = YES;
				CLANG_ENABLE_OBJC_WEAK = YES;
				CLANG_WARN_BLOCK_CAPTURE_AUTORELEASING = YES;
				CLANG_WARN_BOOL_CONVERSION = YES;
				CLANG_WARN_COMMA = YES;
				CLANG_WARN_CONSTANT_CONVERSION = YES;
				CLANG_WARN_DEPRECATED_OBJC_IMPLEMENTATIONS = YES;
				CLANG_WARN_DIRECT_OBJC_ISA_USAGE = YES_ERROR;
				CLANG_WARN_DOCUMENTATION_COMMENTS = YES;
				CLANG_WARN_EMPTY_BODY = YES;
				CLANG_WARN_ENUM_CONVERSION = YES;
				CLANG_WARN_INFINITE_RECURSION = YES;
				CLANG_WARN_INT_CONVERSION = YES;
				CLANG_WARN_NON_LITERAL_NULL_CONVERSION = YES;
				CLANG_WARN_OBJC_IMPLICIT_RETAIN_SELF = YES;
				CLANG_WARN_OBJC_LITERAL_CONVERSION = YES;
				CLANG_WARN_OBJC_ROOT_CLASS = YES_ERROR;
				CLANG_WARN_QUOTED_INCLUDE_IN_FRAMEWORK_HEADER = YES;
				CLANG_WARN_RANGE_LOOP_ANALYSIS = YES;
				CLANG_WARN_STRICT_PROTOTYPES = YES;
				CLANG_WARN_SUSPICIOUS_MOVE = YES;
				CLANG_WARN_UNGUARDED_AVAILABILITY = YES_AGGRESSIVE;
				CLANG_WARN_UNREACHABLE_CODE = YES;
				CLANG_WARN__DUPLICATE_METHOD_MATCH = YES;
				COPY_PHASE_STRIP = NO;
				DEBUG_INFORMATION_FORMAT = dwarf;
				ENABLE_STRICT_OBJC_MSGSEND = YES;
				ENABLE_TESTABILITY = YES;
				ENABLE_USER_SCRIPT_SANDBOXING = YES;
				GCC_C_LANGUAGE_STANDARD = gnu17;
				GCC_DYNAMIC_NO_PIC = NO;
				GCC_NO_COMMON_BLOCKS = YES;
				GCC_OPTIMIZATION_LEVEL = 0;
				GCC_PREPROCESSOR_DEFINITIONS = (
					"DEBUG=1",
					"$(inherited)",
				);
				GCC_WARN_64_TO_32_BIT_CONVERSION = YES;
				GCC_WARN_ABOUT_RETURN_TYPE = YES_ERROR;
				GCC_WARN_UNDECLARED_SELECTOR = YES;
				GCC_WARN_UNINITIALIZED_AUTOS = YES_AGGRESSIVE;
				GCC_WARN_UNUSED_FUNCTION = YES;
				GCC_WARN_UNUSED_VARIABLE = YES;
				IPHONEOS_DEPLOYMENT_TARGET = 17.0;
				LOCALIZATION_PREFERS_STRING_CATALOGS = YES;
				MTL_ENABLE_DEBUG_INFO = INCLUDE_SOURCE;
				MTL_FAST_MATH = YES;
				ONLY_ACTIVE_ARCH = YES;
				SDKROOT = iphoneos;
				SWIFT_ACTIVE_COMPILATION_CONDITIONS = "DEBUG $(inherited)";
				SWIFT_OPTIMIZATION_LEVEL = "-Onone";
			};
			name = Debug;
		};
		69B362C22B07B37500714B3B /* Release */ = {
			isa = XCBuildConfiguration;
			buildSettings = {
				ALWAYS_SEARCH_USER_PATHS = NO;
				ASSETCATALOG_COMPILER_GENERATE_SWIFT_ASSET_SYMBOL_EXTENSIONS = YES;
				CLANG_ANALYZER_NONNULL = YES;
				CLANG_ANALYZER_NUMBER_OBJECT_CONVERSION = YES_AGGRESSIVE;
				CLANG_CXX_LANGUAGE_STANDARD = "gnu++20";
				CLANG_ENABLE_MODULES = YES;
				CLANG_ENABLE_OBJC_ARC = YES;
				CLANG_ENABLE_OBJC_WEAK = YES;
				CLANG_WARN_BLOCK_CAPTURE_AUTORELEASING = YES;
				CLANG_WARN_BOOL_CONVERSION = YES;
				CLANG_WARN_COMMA = YES;
				CLANG_WARN_CONSTANT_CONVERSION = YES;
				CLANG_WARN_DEPRECATED_OBJC_IMPLEMENTATIONS = YES;
				CLANG_WARN_DIRECT_OBJC_ISA_USAGE = YES_ERROR;
				CLANG_WARN_DOCUMENTATION_COMMENTS = YES;
				CLANG_WARN_EMPTY_BODY = YES;
				CLANG_WARN_ENUM_CONVERSION = YES;
				CLANG_WARN_INFINITE_RECURSION = YES;
				CLANG_WARN_INT_CONVERSION = YES;
				CLANG_WARN_NON_LITERAL_NULL_CONVERSION = YES;
				CLANG_WARN_OBJC_IMPLICIT_RETAIN_SELF = YES;
				CLANG_WARN_OBJC_LITERAL_CONVERSION = YES;
				CLANG_WARN_OBJC_ROOT_CLASS = YES_ERROR;
				CLANG_WARN_QUOTED_INCLUDE_IN_FRAMEWORK_HEADER = YES;
				CLANG_WARN_RANGE_LOOP_ANALYSIS = YES;
				CLANG_WARN_STRICT_PROTOTYPES = YES;
				CLANG_WARN_SUSPICIOUS_MOVE = YES;
				CLANG_WARN_UNGUARDED_AVAILABILITY = YES_AGGRESSIVE;
				CLANG_WARN_UNREACHABLE_CODE = YES;
				CLANG_WARN__DUPLICATE_METHOD_MATCH = YES;
				COPY_PHASE_STRIP = NO;
				DEBUG_INFORMATION_FORMAT = "dwarf-with-dsym";
				ENABLE_NS_ASSERTIONS = NO;
				ENABLE_STRICT_OBJC_MSGSEND = YES;
				ENABLE_USER_SCRIPT_SANDBOXING = YES;
				GCC_C_LANGUAGE_STANDARD = gnu17;
				GCC_NO_COMMON_BLOCKS = YES;
				GCC_WARN_64_TO_32_BIT_CONVERSION = YES;
				GCC_WARN_ABOUT_RETURN_TYPE = YES_ERROR;
				GCC_WARN_UNDECLARED_SELECTOR = YES;
				GCC_WARN_UNINITIALIZED_AUTOS = YES_AGGRESSIVE;
				GCC_WARN_UNUSED_FUNCTION = YES;
				GCC_WARN_UNUSED_VARIABLE = YES;
				IPHONEOS_DEPLOYMENT_TARGET = 17.0;
				LOCALIZATION_PREFERS_STRING_CATALOGS = YES;
				MTL_ENABLE_DEBUG_INFO = NO;
				MTL_FAST_MATH = YES;
				SDKROOT = iphoneos;
				SWIFT_COMPILATION_MODE = wholemodule;
				VALIDATE_PRODUCT = YES;
			};
			name = Release;
		};
		69B362C42B07B37500714B3B /* Debug */ = {
			isa = XCBuildConfiguration;
			buildSettings = {
				ASSETCATALOG_COMPILER_APPICON_NAME = AppIcon;
				ASSETCATALOG_COMPILER_GLOBAL_ACCENT_COLOR_NAME = AccentColor;
				CODE_SIGN_STYLE = Automatic;
				CURRENT_PROJECT_VERSION = 1;
				DEVELOPMENT_ASSET_PATHS = "\"YHT/Application/Preview Content\"";
				DEVELOPMENT_TEAM = 26L95KN5AP;
				ENABLE_PREVIEWS = YES;
				GENERATE_INFOPLIST_FILE = YES;
				INFOPLIST_KEY_UIApplicationSceneManifest_Generation = YES;
				INFOPLIST_KEY_UIApplicationSupportsIndirectInputEvents = YES;
				INFOPLIST_KEY_UILaunchScreen_Generation = YES;
				INFOPLIST_KEY_UILaunchStoryboardName = "Launch Screen.storyboard";
				INFOPLIST_KEY_UISupportedInterfaceOrientations_iPad = "UIInterfaceOrientationPortrait UIInterfaceOrientationPortraitUpsideDown UIInterfaceOrientationLandscapeLeft UIInterfaceOrientationLandscapeRight";
				INFOPLIST_KEY_UISupportedInterfaceOrientations_iPhone = "UIInterfaceOrientationPortrait UIInterfaceOrientationLandscapeLeft UIInterfaceOrientationLandscapeRight";
				IPHONEOS_DEPLOYMENT_TARGET = 16.0;
				LD_RUNPATH_SEARCH_PATHS = (
					"$(inherited)",
					"@executable_path/Frameworks",
				);
				MARKETING_VERSION = 1.0;
				PRODUCT_BUNDLE_IDENTIFIER = "com.yht-health.YHT";
				PRODUCT_NAME = "$(TARGET_NAME)";
				SWIFT_EMIT_LOC_STRINGS = YES;
				SWIFT_VERSION = 5.0;
				TARGETED_DEVICE_FAMILY = "1,2";
			};
			name = Debug;
		};
		69B362C52B07B37500714B3B /* Release */ = {
			isa = XCBuildConfiguration;
			buildSettings = {
				ASSETCATALOG_COMPILER_APPICON_NAME = AppIcon;
				ASSETCATALOG_COMPILER_GLOBAL_ACCENT_COLOR_NAME = AccentColor;
				CODE_SIGN_STYLE = Automatic;
				CURRENT_PROJECT_VERSION = 1;
				DEVELOPMENT_ASSET_PATHS = "\"YHT/Application/Preview Content\"";
				DEVELOPMENT_TEAM = 26L95KN5AP;
				ENABLE_PREVIEWS = YES;
				GENERATE_INFOPLIST_FILE = YES;
				INFOPLIST_KEY_UIApplicationSceneManifest_Generation = YES;
				INFOPLIST_KEY_UIApplicationSupportsIndirectInputEvents = YES;
				INFOPLIST_KEY_UILaunchScreen_Generation = YES;
				INFOPLIST_KEY_UILaunchStoryboardName = "Launch Screen.storyboard";
				INFOPLIST_KEY_UISupportedInterfaceOrientations_iPad = "UIInterfaceOrientationPortrait UIInterfaceOrientationPortraitUpsideDown UIInterfaceOrientationLandscapeLeft UIInterfaceOrientationLandscapeRight";
				INFOPLIST_KEY_UISupportedInterfaceOrientations_iPhone = "UIInterfaceOrientationPortrait UIInterfaceOrientationLandscapeLeft UIInterfaceOrientationLandscapeRight";
				IPHONEOS_DEPLOYMENT_TARGET = 16.0;
				LD_RUNPATH_SEARCH_PATHS = (
					"$(inherited)",
					"@executable_path/Frameworks",
				);
				MARKETING_VERSION = 1.0;
				PRODUCT_BUNDLE_IDENTIFIER = "com.yht-health.YHT";
				PRODUCT_NAME = "$(TARGET_NAME)";
				SWIFT_EMIT_LOC_STRINGS = YES;
				SWIFT_VERSION = 5.0;
				TARGETED_DEVICE_FAMILY = "1,2";
			};
			name = Release;
		};
		69B362C72B07B37500714B3B /* Debug */ = {
			isa = XCBuildConfiguration;
			buildSettings = {
				ALWAYS_EMBED_SWIFT_STANDARD_LIBRARIES = YES;
				BUNDLE_LOADER = "$(TEST_HOST)";
				CODE_SIGN_STYLE = Automatic;
				CURRENT_PROJECT_VERSION = 1;
				DEVELOPMENT_TEAM = 26L95KN5AP;
				GENERATE_INFOPLIST_FILE = YES;
				IPHONEOS_DEPLOYMENT_TARGET = 17.0;
				MARKETING_VERSION = 1.0;
				PRODUCT_BUNDLE_IDENTIFIER = "com.yht-health.YHTTests";
				PRODUCT_NAME = "$(TARGET_NAME)";
				SWIFT_EMIT_LOC_STRINGS = NO;
				SWIFT_VERSION = 5.0;
				TARGETED_DEVICE_FAMILY = "1,2";
				TEST_HOST = "$(BUILT_PRODUCTS_DIR)/YHT.app/$(BUNDLE_EXECUTABLE_FOLDER_PATH)/YHT";
			};
			name = Debug;
		};
		69B362C82B07B37500714B3B /* Release */ = {
			isa = XCBuildConfiguration;
			buildSettings = {
				ALWAYS_EMBED_SWIFT_STANDARD_LIBRARIES = YES;
				BUNDLE_LOADER = "$(TEST_HOST)";
				CODE_SIGN_STYLE = Automatic;
				CURRENT_PROJECT_VERSION = 1;
				DEVELOPMENT_TEAM = 26L95KN5AP;
				GENERATE_INFOPLIST_FILE = YES;
				IPHONEOS_DEPLOYMENT_TARGET = 17.0;
				MARKETING_VERSION = 1.0;
				PRODUCT_BUNDLE_IDENTIFIER = "com.yht-health.YHTTests";
				PRODUCT_NAME = "$(TARGET_NAME)";
				SWIFT_EMIT_LOC_STRINGS = NO;
				SWIFT_VERSION = 5.0;
				TARGETED_DEVICE_FAMILY = "1,2";
				TEST_HOST = "$(BUILT_PRODUCTS_DIR)/YHT.app/$(BUNDLE_EXECUTABLE_FOLDER_PATH)/YHT";
			};
			name = Release;
		};
		69B362CA2B07B37500714B3B /* Debug */ = {
			isa = XCBuildConfiguration;
			buildSettings = {
				ALWAYS_EMBED_SWIFT_STANDARD_LIBRARIES = YES;
				CODE_SIGN_STYLE = Automatic;
				CURRENT_PROJECT_VERSION = 1;
				DEVELOPMENT_TEAM = 26L95KN5AP;
				GENERATE_INFOPLIST_FILE = YES;
				MARKETING_VERSION = 1.0;
				PRODUCT_BUNDLE_IDENTIFIER = "com.yht-health.YHTUITests";
				PRODUCT_NAME = "$(TARGET_NAME)";
				SWIFT_EMIT_LOC_STRINGS = NO;
				SWIFT_VERSION = 5.0;
				TARGETED_DEVICE_FAMILY = "1,2";
				TEST_TARGET_NAME = YHT;
			};
			name = Debug;
		};
		69B362CB2B07B37500714B3B /* Release */ = {
			isa = XCBuildConfiguration;
			buildSettings = {
				ALWAYS_EMBED_SWIFT_STANDARD_LIBRARIES = YES;
				CODE_SIGN_STYLE = Automatic;
				CURRENT_PROJECT_VERSION = 1;
				DEVELOPMENT_TEAM = 26L95KN5AP;
				GENERATE_INFOPLIST_FILE = YES;
				MARKETING_VERSION = 1.0;
				PRODUCT_BUNDLE_IDENTIFIER = "com.yht-health.YHTUITests";
				PRODUCT_NAME = "$(TARGET_NAME)";
				SWIFT_EMIT_LOC_STRINGS = NO;
				SWIFT_VERSION = 5.0;
				TARGETED_DEVICE_FAMILY = "1,2";
				TEST_TARGET_NAME = YHT;
			};
			name = Release;
		};
/* End XCBuildConfiguration section */

/* Begin XCConfigurationList section */
		69B3629A2B07B37400714B3B /* Build configuration list for PBXProject "YHT" */ = {
			isa = XCConfigurationList;
			buildConfigurations = (
				69B362C12B07B37500714B3B /* Debug */,
				69B362C22B07B37500714B3B /* Release */,
			);
			defaultConfigurationIsVisible = 0;
			defaultConfigurationName = Release;
		};
		69B362C32B07B37500714B3B /* Build configuration list for PBXNativeTarget "YHT" */ = {
			isa = XCConfigurationList;
			buildConfigurations = (
				69B362C42B07B37500714B3B /* Debug */,
				69B362C52B07B37500714B3B /* Release */,
			);
			defaultConfigurationIsVisible = 0;
			defaultConfigurationName = Release;
		};
		69B362C62B07B37500714B3B /* Build configuration list for PBXNativeTarget "YHTTests" */ = {
			isa = XCConfigurationList;
			buildConfigurations = (
				69B362C72B07B37500714B3B /* Debug */,
				69B362C82B07B37500714B3B /* Release */,
			);
			defaultConfigurationIsVisible = 0;
			defaultConfigurationName = Release;
		};
		69B362C92B07B37500714B3B /* Build configuration list for PBXNativeTarget "YHTUITests" */ = {
			isa = XCConfigurationList;
			buildConfigurations = (
				69B362CA2B07B37500714B3B /* Debug */,
				69B362CB2B07B37500714B3B /* Release */,
			);
			defaultConfigurationIsVisible = 0;
			defaultConfigurationName = Release;
		};
/* End XCConfigurationList section */
	};
	rootObject = 69B362972B07B37400714B3B /* Project object */;
}
